
Microsoft Visual Studio Solution File, Format Version 12.00
# Visual Studio Version 17
VisualStudioVersion = 17.10.35013.160
MinimumVisualStudioVersion = 10.0.40219.1
Project("{FAE04EC0-301F-11D3-BF4B-00C04F79EFBC}") = "TeleMedication", "TeleMedication\TeleMedication.csproj", "{DEE5FA4B-6C0A-4617-9A18-AD5FFFA36E68}"
	ProjectSection(ProjectDependencies) = postProject
		{0EA03484-7F50-4A9D-B717-47C2F7437AA1} = {0EA03484-7F50-4A9D-B717-47C2F7437AA1}
	EndProjectSection
EndProject
Project("{FAE04EC0-301F-11D3-BF4B-00C04F79EFBC}") = "MedServices", "MedServices\MedServices.csproj", "{0EA03484-7F50-4A9D-B717-47C2F7437AA1}"
EndProject
Global
	GlobalSection(SolutionConfigurationPlatforms) = preSolution
		Debug|Any CPU = Debug|Any CPU
		Release|Any CPU = Release|Any CPU
	EndGlobalSection
	GlobalSection(ProjectConfigurationPlatforms) = postSolution
		{DEE5FA4B-6C0A-4617-9A18-AD5FFFA36E68}.Debug|Any CPU.ActiveCfg = Debug|Any CPU
		{DEE5FA4B-6C0A-4617-9A18-AD5FFFA36E68}.Debug|Any CPU.Build.0 = Debug|Any CPU
		{DEE5FA4B-6C0A-4617-9A18-AD5FFFA36E68}.Release|Any CPU.ActiveCfg = Release|Any CPU
		{DEE5FA4B-6C0A-4617-9A18-AD5FFFA36E68}.Release|Any CPU.Build.0 = Release|Any CPU
		{0EA03484-7F50-4A9D-B717-47C2F7437AA1}.Debug|Any CPU.ActiveCfg = Debug|Any CPU
		{0EA03484-7F50-4A9D-B717-47C2F7437AA1}.Debug|Any CPU.Build.0 = Debug|Any CPU
		{0EA03484-7F50-4A9D-B717-47C2F7437AA1}.Release|Any CPU.ActiveCfg = Release|Any CPU
		{0EA03484-7F50-4A9D-B717-47C2F7437AA1}.Release|Any CPU.Build.0 = Release|Any CPU
	EndGlobalSection
	GlobalSection(SolutionProperties) = preSolution
		HideSolutionNode = FALSE
	EndGlobalSection
	GlobalSection(ExtensibilityGlobals) = postSolution
		SolutionGuid = {31AFF036-F96B-476C-8748-8EF1612E9BC3}
	EndGlobalSection
EndGlobal
